{
    "version": 3,
    "terraform_version": "0.11.10",
    "serial": 19,
    "lineage": "fd221b9b-0cab-167a-3484-1c956bfa832f",
    "modules": [
        {
            "path": [
                "root"
            ],
            "outputs": {
                "VM IP Private address": {
                    "sensitive": false,
                    "type": "string",
                    "value": "10.0.1.183"
                },
                "VM IP Public address": {
                    "sensitive": false,
                    "type": "string",
                    "value": "18.223.43.136"
                }
            },
            "resources": {
                "aws_eip.nat": {
                    "type": "aws_eip",
                    "depends_on": [],
                    "primary": {
                        "id": "eipalloc-02d96c6718268be1a",
                        "attributes": {
                            "association_id": "",
                            "domain": "vpc",
                            "id": "eipalloc-02d96c6718268be1a",
                            "instance": "",
                            "network_interface": "",
                            "private_ip": "",
                            "public_ip": "3.17.114.222",
                            "public_ipv4_pool": "amazon",
                            "tags.%": "0",
                            "vpc": "true"
                        },
                        "meta": {
                            "e2bfb730-ecaa-11e6-8f88-34363bc7c4c0": {
                                "delete": 180000000000,
                                "read": 900000000000,
                                "update": 300000000000
                            }
                        },
                        "tainted": false
                    },
                    "deposed": [],
                    "provider": "provider.aws"
                },
                "aws_instance.example": {
                    "type": "aws_instance",
                    "depends_on": [
                        "aws_key_pair.mykeypair",
                        "aws_security_group.allow-ssh-2",
                        "aws_subnet.main-public-1"
                    ],
                    "primary": {
                        "id": "i-069d247432d5915b7",
                        "attributes": {
                            "ami": "ami-0cf8cc36b8c81c6de",
                            "arn": "arn:aws:ec2:us-east-2:881746452139:instance/i-069d247432d5915b7",
                            "associate_public_ip_address": "true",
                            "availability_zone": "us-east-2a",
                            "cpu_core_count": "1",
                            "cpu_threads_per_core": "1",
                            "credit_specification.#": "1",
                            "credit_specification.0.cpu_credits": "standard",
                            "disable_api_termination": "false",
                            "ebs_block_device.#": "0",
                            "ebs_optimized": "false",
                            "ephemeral_block_device.#": "0",
                            "get_password_data": "false",
                            "iam_instance_profile": "",
                            "id": "i-069d247432d5915b7",
                            "instance_state": "running",
                            "instance_type": "t2.micro",
                            "ipv6_addresses.#": "0",
                            "key_name": "mykeypair",
                            "monitoring": "false",
                            "network_interface.#": "0",
                            "network_interface_id": "eni-0343d280b8c36568d",
                            "password_data": "",
                            "placement_group": "",
                            "primary_network_interface_id": "eni-0343d280b8c36568d",
                            "private_dns": "ip-10-0-1-183.us-east-2.compute.internal",
                            "private_ip": "10.0.1.183",
                            "public_dns": "ec2-18-223-43-136.us-east-2.compute.amazonaws.com",
                            "public_ip": "18.223.43.136",
                            "root_block_device.#": "1",
                            "root_block_device.0.delete_on_termination": "true",
                            "root_block_device.0.iops": "100",
                            "root_block_device.0.volume_id": "vol-02ff78f9df0adbe0f",
                            "root_block_device.0.volume_size": "8",
                            "root_block_device.0.volume_type": "gp2",
                            "security_groups.#": "0",
                            "source_dest_check": "true",
                            "subnet_id": "subnet-031b79b4586320ab5",
                            "tags.%": "0",
                            "tenancy": "default",
                            "volume_tags.%": "0",
                            "vpc_security_group_ids.#": "1",
                            "vpc_security_group_ids.3287104534": "sg-01460a2fa73df3227"
                        },
                        "meta": {
                            "e2bfb730-ecaa-11e6-8f88-34363bc7c4c0": {
                                "create": 600000000000,
                                "delete": 1200000000000,
                                "update": 600000000000
                            },
                            "schema_version": "1"
                        },
                        "tainted": false
                    },
                    "deposed": [],
                    "provider": "provider.aws"
                },
                "aws_internet_gateway.main-gw": {
                    "type": "aws_internet_gateway",
                    "depends_on": [
                        "aws_vpc.main"
                    ],
                    "primary": {
                        "id": "igw-05ce9dc3c514139f0",
                        "attributes": {
                            "id": "igw-05ce9dc3c514139f0",
                            "owner_id": "881746452139",
                            "tags.%": "1",
                            "tags.Name": "main",
                            "vpc_id": "vpc-0e804a8095597daf5"
                        },
                        "meta": {},
                        "tainted": false
                    },
                    "deposed": [],
                    "provider": "provider.aws"
                },
                "aws_key_pair.mykeypair": {
                    "type": "aws_key_pair",
                    "depends_on": [],
                    "primary": {
                        "id": "mykeypair",
                        "attributes": {
                            "fingerprint": "4d:98:c4:83:ba:3d:c7:a4:e2:39:af:a5:6b:8e:be:ef",
                            "id": "mykeypair",
                            "key_name": "mykeypair",
                            "public_key": "ssh-rsa AAAAB3NzaC1yc2EAAAADAQABAAABAQCupFRKiHlPR/BsHKVeJdd+CS5dlVEAbbsoOwhAONweZgxaWaHjlOuUOoIlnWAjSWwRCeP3XcBJ1OoQdZ+qj1baFGPjbWMs5R9ZbhPlFwvyvq+9878XUIUXeoY1oKf5rl5EbfDcMMR8l6Q+YCl9Hfy4qIzuombE9YklVKUAd/SCHOdomfXX7P6iM4SJY9SgrpaWFyUShj6EyIxx1IIGhaHG1ES/GURPTY1L6zqGk4TR0RzhrNhSLzwtStGiPlaAZ6mGUNw5y8Bdu2ldU8VrnowUt0pfUoC056aycB2VIXPh5Svt8oVgKq+IufK69aTjr/2q6/VZRq5tc9Pn5BWYLjDz svoinich@mlla5023.magicleap.ds"
                        },
                        "meta": {
                            "schema_version": "1"
                        },
                        "tainted": false
                    },
                    "deposed": [],
                    "provider": "provider.aws"
                },
                "aws_nat_gateway.nat-gw": {
                    "type": "aws_nat_gateway",
                    "depends_on": [
                        "aws_eip.nat",
                        "aws_internet_gateway.main-gw",
                        "aws_subnet.main-public-1"
                    ],
                    "primary": {
                        "id": "nat-09b3976ca3d381f16",
                        "attributes": {
                            "allocation_id": "eipalloc-02d96c6718268be1a",
                            "id": "nat-09b3976ca3d381f16",
                            "network_interface_id": "eni-0e5339221563036ab",
                            "private_ip": "10.0.1.186",
                            "public_ip": "3.17.114.222",
                            "subnet_id": "subnet-031b79b4586320ab5",
                            "tags.%": "0"
                        },
                        "meta": {},
                        "tainted": false
                    },
                    "deposed": [],
                    "provider": "provider.aws"
                },
                "aws_route_table.main-private": {
                    "type": "aws_route_table",
                    "depends_on": [
                        "aws_nat_gateway.nat-gw",
                        "aws_vpc.main"
                    ],
                    "primary": {
                        "id": "rtb-0ebfd9897ae54a69c",
                        "attributes": {
                            "id": "rtb-0ebfd9897ae54a69c",
                            "owner_id": "881746452139",
                            "propagating_vgws.#": "0",
                            "route.#": "1",
                            "route.617408296.cidr_block": "0.0.0.0/0",
                            "route.617408296.egress_only_gateway_id": "",
                            "route.617408296.gateway_id": "",
                            "route.617408296.instance_id": "",
                            "route.617408296.ipv6_cidr_block": "",
                            "route.617408296.nat_gateway_id": "nat-09b3976ca3d381f16",
                            "route.617408296.network_interface_id": "",
                            "route.617408296.transit_gateway_id": "",
                            "route.617408296.vpc_peering_connection_id": "",
                            "tags.%": "1",
                            "tags.Name": "main-private-1",
                            "vpc_id": "vpc-0e804a8095597daf5"
                        },
                        "meta": {},
                        "tainted": false
                    },
                    "deposed": [],
                    "provider": "provider.aws"
                },
                "aws_route_table.main-public": {
                    "type": "aws_route_table",
                    "depends_on": [
                        "aws_internet_gateway.main-gw",
                        "aws_vpc.main"
                    ],
                    "primary": {
                        "id": "rtb-03826d8e3664fff2e",
                        "attributes": {
                            "id": "rtb-03826d8e3664fff2e",
                            "owner_id": "881746452139",
                            "propagating_vgws.#": "0",
                            "route.#": "1",
                            "route.3648124143.cidr_block": "0.0.0.0/0",
                            "route.3648124143.egress_only_gateway_id": "",
                            "route.3648124143.gateway_id": "igw-05ce9dc3c514139f0",
                            "route.3648124143.instance_id": "",
                            "route.3648124143.ipv6_cidr_block": "",
                            "route.3648124143.nat_gateway_id": "",
                            "route.3648124143.network_interface_id": "",
                            "route.3648124143.transit_gateway_id": "",
                            "route.3648124143.vpc_peering_connection_id": "",
                            "tags.%": "1",
                            "tags.Name": "main-public-1",
                            "vpc_id": "vpc-0e804a8095597daf5"
                        },
                        "meta": {},
                        "tainted": false
                    },
                    "deposed": [],
                    "provider": "provider.aws"
                },
                "aws_route_table_association.main-private-1-a": {
                    "type": "aws_route_table_association",
                    "depends_on": [
                        "aws_route_table.main-private",
                        "aws_subnet.main-private-1"
                    ],
                    "primary": {
                        "id": "rtbassoc-0d2d802a98bf1f832",
                        "attributes": {
                            "id": "rtbassoc-0d2d802a98bf1f832",
                            "route_table_id": "rtb-0ebfd9897ae54a69c",
                            "subnet_id": "subnet-09ae4bef1b0ece38a"
                        },
                        "meta": {},
                        "tainted": false
                    },
                    "deposed": [],
                    "provider": "provider.aws"
                },
                "aws_route_table_association.main-private-2-a": {
                    "type": "aws_route_table_association",
                    "depends_on": [
                        "aws_route_table.main-private",
                        "aws_subnet.main-private-2"
                    ],
                    "primary": {
                        "id": "rtbassoc-001a6ee485985061f",
                        "attributes": {
                            "id": "rtbassoc-001a6ee485985061f",
                            "route_table_id": "rtb-0ebfd9897ae54a69c",
                            "subnet_id": "subnet-0510dcfefc15fca8a"
                        },
                        "meta": {},
                        "tainted": false
                    },
                    "deposed": [],
                    "provider": "provider.aws"
                },
                "aws_route_table_association.main-private-3-a": {
                    "type": "aws_route_table_association",
                    "depends_on": [
                        "aws_route_table.main-private",
                        "aws_subnet.main-private-3"
                    ],
                    "primary": {
                        "id": "rtbassoc-054ce002fb3e0617a",
                        "attributes": {
                            "id": "rtbassoc-054ce002fb3e0617a",
                            "route_table_id": "rtb-0ebfd9897ae54a69c",
                            "subnet_id": "subnet-02081c638bf1e5a7b"
                        },
                        "meta": {},
                        "tainted": false
                    },
                    "deposed": [],
                    "provider": "provider.aws"
                },
                "aws_route_table_association.main-public-1-a": {
                    "type": "aws_route_table_association",
                    "depends_on": [
                        "aws_route_table.main-public",
                        "aws_subnet.main-public-1"
                    ],
                    "primary": {
                        "id": "rtbassoc-0bb5580142b19dc22",
                        "attributes": {
                            "id": "rtbassoc-0bb5580142b19dc22",
                            "route_table_id": "rtb-03826d8e3664fff2e",
                            "subnet_id": "subnet-031b79b4586320ab5"
                        },
                        "meta": {},
                        "tainted": false
                    },
                    "deposed": [],
                    "provider": "provider.aws"
                },
                "aws_route_table_association.main-public-2-a": {
                    "type": "aws_route_table_association",
                    "depends_on": [
                        "aws_route_table.main-public",
                        "aws_subnet.main-public-2"
                    ],
                    "primary": {
                        "id": "rtbassoc-06b67a9bc2cffd7d4",
                        "attributes": {
                            "id": "rtbassoc-06b67a9bc2cffd7d4",
                            "route_table_id": "rtb-03826d8e3664fff2e",
                            "subnet_id": "subnet-06484b98d3d7014a4"
                        },
                        "meta": {},
                        "tainted": false
                    },
                    "deposed": [],
                    "provider": "provider.aws"
                },
                "aws_route_table_association.main-public-3-a": {
                    "type": "aws_route_table_association",
                    "depends_on": [
                        "aws_route_table.main-public",
                        "aws_subnet.main-public-3"
                    ],
                    "primary": {
                        "id": "rtbassoc-0d0b47eb030f12143",
                        "attributes": {
                            "id": "rtbassoc-0d0b47eb030f12143",
                            "route_table_id": "rtb-03826d8e3664fff2e",
                            "subnet_id": "subnet-006ed3597f098ef43"
                        },
                        "meta": {},
                        "tainted": false
                    },
                    "deposed": [],
                    "provider": "provider.aws"
                },
                "aws_security_group.allow-ssh-2": {
                    "type": "aws_security_group",
                    "depends_on": [
                        "aws_vpc.main"
                    ],
                    "primary": {
                        "id": "sg-01460a2fa73df3227",
                        "attributes": {
                            "arn": "arn:aws:ec2:us-east-2:881746452139:security-group/sg-01460a2fa73df3227",
                            "description": "security group that allows ssh and all egress traffic",
                            "egress.#": "1",
                            "egress.482069346.cidr_blocks.#": "1",
                            "egress.482069346.cidr_blocks.0": "0.0.0.0/0",
                            "egress.482069346.description": "",
                            "egress.482069346.from_port": "0",
                            "egress.482069346.ipv6_cidr_blocks.#": "0",
                            "egress.482069346.prefix_list_ids.#": "0",
                            "egress.482069346.protocol": "-1",
                            "egress.482069346.security_groups.#": "0",
                            "egress.482069346.self": "false",
                            "egress.482069346.to_port": "0",
                            "id": "sg-01460a2fa73df3227",
                            "ingress.#": "1",
                            "ingress.2541437006.cidr_blocks.#": "1",
                            "ingress.2541437006.cidr_blocks.0": "0.0.0.0/0",
                            "ingress.2541437006.description": "",
                            "ingress.2541437006.from_port": "22",
                            "ingress.2541437006.ipv6_cidr_blocks.#": "0",
                            "ingress.2541437006.prefix_list_ids.#": "0",
                            "ingress.2541437006.protocol": "tcp",
                            "ingress.2541437006.security_groups.#": "0",
                            "ingress.2541437006.self": "false",
                            "ingress.2541437006.to_port": "22",
                            "name": "allow-ssh",
                            "owner_id": "881746452139",
                            "revoke_rules_on_delete": "false",
                            "tags.%": "1",
                            "tags.Name": "allow-ssh-2",
                            "vpc_id": "vpc-0e804a8095597daf5"
                        },
                        "meta": {
                            "e2bfb730-ecaa-11e6-8f88-34363bc7c4c0": {
                                "create": 600000000000,
                                "delete": 600000000000
                            },
                            "schema_version": "1"
                        },
                        "tainted": false
                    },
                    "deposed": [],
                    "provider": "provider.aws"
                },
                "aws_subnet.main-private-1": {
                    "type": "aws_subnet",
                    "depends_on": [
                        "aws_vpc.main"
                    ],
                    "primary": {
                        "id": "subnet-09ae4bef1b0ece38a",
                        "attributes": {
                            "arn": "arn:aws:ec2:us-east-2:881746452139:subnet/subnet-09ae4bef1b0ece38a",
                            "assign_ipv6_address_on_creation": "false",
                            "availability_zone": "us-east-2a",
                            "availability_zone_id": "use2-az1",
                            "cidr_block": "10.0.4.0/24",
                            "id": "subnet-09ae4bef1b0ece38a",
                            "ipv6_cidr_block": "",
                            "ipv6_cidr_block_association_id": "",
                            "map_public_ip_on_launch": "false",
                            "owner_id": "881746452139",
                            "tags.%": "1",
                            "tags.Name": "main-private-1",
                            "vpc_id": "vpc-0e804a8095597daf5"
                        },
                        "meta": {
                            "e2bfb730-ecaa-11e6-8f88-34363bc7c4c0": {
                                "create": 600000000000,
                                "delete": 600000000000
                            },
                            "schema_version": "1"
                        },
                        "tainted": false
                    },
                    "deposed": [],
                    "provider": "provider.aws"
                },
                "aws_subnet.main-private-2": {
                    "type": "aws_subnet",
                    "depends_on": [
                        "aws_vpc.main"
                    ],
                    "primary": {
                        "id": "subnet-0510dcfefc15fca8a",
                        "attributes": {
                            "arn": "arn:aws:ec2:us-east-2:881746452139:subnet/subnet-0510dcfefc15fca8a",
                            "assign_ipv6_address_on_creation": "false",
                            "availability_zone": "us-east-2b",
                            "availability_zone_id": "use2-az2",
                            "cidr_block": "10.0.5.0/24",
                            "id": "subnet-0510dcfefc15fca8a",
                            "ipv6_cidr_block": "",
                            "ipv6_cidr_block_association_id": "",
                            "map_public_ip_on_launch": "false",
                            "owner_id": "881746452139",
                            "tags.%": "1",
                            "tags.Name": "main-private-2",
                            "vpc_id": "vpc-0e804a8095597daf5"
                        },
                        "meta": {
                            "e2bfb730-ecaa-11e6-8f88-34363bc7c4c0": {
                                "create": 600000000000,
                                "delete": 600000000000
                            },
                            "schema_version": "1"
                        },
                        "tainted": false
                    },
                    "deposed": [],
                    "provider": "provider.aws"
                },
                "aws_subnet.main-private-3": {
                    "type": "aws_subnet",
                    "depends_on": [
                        "aws_vpc.main"
                    ],
                    "primary": {
                        "id": "subnet-02081c638bf1e5a7b",
                        "attributes": {
                            "arn": "arn:aws:ec2:us-east-2:881746452139:subnet/subnet-02081c638bf1e5a7b",
                            "assign_ipv6_address_on_creation": "false",
                            "availability_zone": "us-east-2c",
                            "availability_zone_id": "use2-az3",
                            "cidr_block": "10.0.6.0/24",
                            "id": "subnet-02081c638bf1e5a7b",
                            "ipv6_cidr_block": "",
                            "ipv6_cidr_block_association_id": "",
                            "map_public_ip_on_launch": "false",
                            "owner_id": "881746452139",
                            "tags.%": "1",
                            "tags.Name": "main-private-3",
                            "vpc_id": "vpc-0e804a8095597daf5"
                        },
                        "meta": {
                            "e2bfb730-ecaa-11e6-8f88-34363bc7c4c0": {
                                "create": 600000000000,
                                "delete": 600000000000
                            },
                            "schema_version": "1"
                        },
                        "tainted": false
                    },
                    "deposed": [],
                    "provider": "provider.aws"
                },
                "aws_subnet.main-public-1": {
                    "type": "aws_subnet",
                    "depends_on": [
                        "aws_vpc.main"
                    ],
                    "primary": {
                        "id": "subnet-031b79b4586320ab5",
                        "attributes": {
                            "arn": "arn:aws:ec2:us-east-2:881746452139:subnet/subnet-031b79b4586320ab5",
                            "assign_ipv6_address_on_creation": "false",
                            "availability_zone": "us-east-2a",
                            "availability_zone_id": "use2-az1",
                            "cidr_block": "10.0.1.0/24",
                            "id": "subnet-031b79b4586320ab5",
                            "ipv6_cidr_block": "",
                            "ipv6_cidr_block_association_id": "",
                            "map_public_ip_on_launch": "true",
                            "owner_id": "881746452139",
                            "tags.%": "1",
                            "tags.Name": "main-public-1",
                            "vpc_id": "vpc-0e804a8095597daf5"
                        },
                        "meta": {
                            "e2bfb730-ecaa-11e6-8f88-34363bc7c4c0": {
                                "create": 600000000000,
                                "delete": 600000000000
                            },
                            "schema_version": "1"
                        },
                        "tainted": false
                    },
                    "deposed": [],
                    "provider": "provider.aws"
                },
                "aws_subnet.main-public-2": {
                    "type": "aws_subnet",
                    "depends_on": [
                        "aws_vpc.main"
                    ],
                    "primary": {
                        "id": "subnet-06484b98d3d7014a4",
                        "attributes": {
                            "arn": "arn:aws:ec2:us-east-2:881746452139:subnet/subnet-06484b98d3d7014a4",
                            "assign_ipv6_address_on_creation": "false",
                            "availability_zone": "us-east-2b",
                            "availability_zone_id": "use2-az2",
                            "cidr_block": "10.0.2.0/24",
                            "id": "subnet-06484b98d3d7014a4",
                            "ipv6_cidr_block": "",
                            "ipv6_cidr_block_association_id": "",
                            "map_public_ip_on_launch": "true",
                            "owner_id": "881746452139",
                            "tags.%": "1",
                            "tags.Name": "main-public-2",
                            "vpc_id": "vpc-0e804a8095597daf5"
                        },
                        "meta": {
                            "e2bfb730-ecaa-11e6-8f88-34363bc7c4c0": {
                                "create": 600000000000,
                                "delete": 600000000000
                            },
                            "schema_version": "1"
                        },
                        "tainted": false
                    },
                    "deposed": [],
                    "provider": "provider.aws"
                },
                "aws_subnet.main-public-3": {
                    "type": "aws_subnet",
                    "depends_on": [
                        "aws_vpc.main"
                    ],
                    "primary": {
                        "id": "subnet-006ed3597f098ef43",
                        "attributes": {
                            "arn": "arn:aws:ec2:us-east-2:881746452139:subnet/subnet-006ed3597f098ef43",
                            "assign_ipv6_address_on_creation": "false",
                            "availability_zone": "us-east-2c",
                            "availability_zone_id": "use2-az3",
                            "cidr_block": "10.0.3.0/24",
                            "id": "subnet-006ed3597f098ef43",
                            "ipv6_cidr_block": "",
                            "ipv6_cidr_block_association_id": "",
                            "map_public_ip_on_launch": "true",
                            "owner_id": "881746452139",
                            "tags.%": "1",
                            "tags.Name": "main-public-3",
                            "vpc_id": "vpc-0e804a8095597daf5"
                        },
                        "meta": {
                            "e2bfb730-ecaa-11e6-8f88-34363bc7c4c0": {
                                "create": 600000000000,
                                "delete": 600000000000
                            },
                            "schema_version": "1"
                        },
                        "tainted": false
                    },
                    "deposed": [],
                    "provider": "provider.aws"
                },
                "aws_vpc.main": {
                    "type": "aws_vpc",
                    "depends_on": [],
                    "primary": {
                        "id": "vpc-0e804a8095597daf5",
                        "attributes": {
                            "arn": "arn:aws:ec2:us-east-2:881746452139:vpc/vpc-0e804a8095597daf5",
                            "assign_generated_ipv6_cidr_block": "false",
                            "cidr_block": "10.0.0.0/16",
                            "default_network_acl_id": "acl-01651dba45c0845c5",
                            "default_route_table_id": "rtb-03402814f7de92558",
                            "default_security_group_id": "sg-0f0e924a4e197cee6",
                            "dhcp_options_id": "dopt-1c988274",
                            "enable_classiclink": "false",
                            "enable_dns_hostnames": "true",
                            "enable_dns_support": "true",
                            "id": "vpc-0e804a8095597daf5",
                            "instance_tenancy": "default",
                            "ipv6_association_id": "",
                            "ipv6_cidr_block": "",
                            "main_route_table_id": "rtb-03402814f7de92558",
                            "owner_id": "881746452139",
                            "tags.%": "1",
                            "tags.Name": "main"
                        },
                        "meta": {
                            "schema_version": "1"
                        },
                        "tainted": false
                    },
                    "deposed": [],
                    "provider": "provider.aws"
                }
            },
            "depends_on": []
        }
    ]
}
