{
    "version": 3,
    "terraform_version": "0.11.10",
    "serial": 28,
    "lineage": "6c11e4b0-e4e5-9341-9db5-9e25fc33cd59",
    "modules": [
        {
            "path": [
                "root"
            ],
            "outputs": {
                "Subnet ID": {
                    "sensitive": false,
                    "type": "string",
                    "value": "subnet-02f0859ceb7bc41cf"
                },
                "VM IP Private address": {
                    "sensitive": false,
                    "type": "string",
                    "value": "10.0.1.116"
                },
                "VM IP Public address": {
                    "sensitive": false,
                    "type": "string",
                    "value": "52.15.138.166"
                },
                "VPC ID": {
                    "sensitive": false,
                    "type": "string",
                    "value": "vpc-099f2a9f56dde105c"
                }
            },
            "resources": {
                "aws_instance.instance-1": {
                    "type": "aws_instance",
                    "depends_on": [
                        "aws_key_pair.mykeypair",
                        "aws_security_group.allow-ssh-2",
                        "aws_subnet.main-public-1"
                    ],
                    "primary": {
                        "id": "i-00552b80f8d416ca8",
                        "attributes": {
                            "ami": "ami-0cf8cc36b8c81c6de",
                            "arn": "arn:aws:ec2:us-east-2:881746452139:instance/i-00552b80f8d416ca8",
                            "associate_public_ip_address": "true",
                            "availability_zone": "us-east-2a",
                            "cpu_core_count": "1",
                            "cpu_threads_per_core": "1",
                            "credit_specification.#": "1",
                            "credit_specification.0.cpu_credits": "standard",
                            "disable_api_termination": "false",
                            "ebs_block_device.#": "0",
                            "ebs_optimized": "false",
                            "ephemeral_block_device.#": "0",
                            "get_password_data": "false",
                            "iam_instance_profile": "",
                            "id": "i-00552b80f8d416ca8",
                            "instance_state": "running",
                            "instance_type": "t2.micro",
                            "ipv6_addresses.#": "0",
                            "key_name": "mykeypair",
                            "monitoring": "false",
                            "network_interface.#": "0",
                            "network_interface_id": "eni-03406560316e3e2fe",
                            "password_data": "",
                            "placement_group": "",
                            "primary_network_interface_id": "eni-03406560316e3e2fe",
                            "private_dns": "ip-10-0-1-116.us-east-2.compute.internal",
                            "private_ip": "10.0.1.116",
                            "public_dns": "ec2-52-15-138-166.us-east-2.compute.amazonaws.com",
                            "public_ip": "52.15.138.166",
                            "root_block_device.#": "1",
                            "root_block_device.0.delete_on_termination": "true",
                            "root_block_device.0.iops": "100",
                            "root_block_device.0.volume_id": "vol-0399753efe182349c",
                            "root_block_device.0.volume_size": "8",
                            "root_block_device.0.volume_type": "gp2",
                            "security_groups.#": "0",
                            "source_dest_check": "true",
                            "subnet_id": "subnet-0f933ba3a7677874d",
                            "tags.%": "0",
                            "tenancy": "default",
                            "volume_tags.%": "0",
                            "vpc_security_group_ids.#": "1",
                            "vpc_security_group_ids.4220972652": "sg-04b851262c4afd293"
                        },
                        "meta": {
                            "e2bfb730-ecaa-11e6-8f88-34363bc7c4c0": {
                                "create": 600000000000,
                                "delete": 1200000000000,
                                "update": 600000000000
                            },
                            "schema_version": "1"
                        },
                        "tainted": false
                    },
                    "deposed": [],
                    "provider": "provider.aws"
                },
                "aws_key_pair.mykeypair": {
                    "type": "aws_key_pair",
                    "depends_on": [],
                    "primary": {
                        "id": "mykeypair",
                        "attributes": {
                            "fingerprint": "4d:98:c4:83:ba:3d:c7:a4:e2:39:af:a5:6b:8e:be:ef",
                            "id": "mykeypair",
                            "key_name": "mykeypair",
                            "public_key": "ssh-rsa AAAAB3NzaC1yc2EAAAADAQABAAABAQCupFRKiHlPR/BsHKVeJdd+CS5dlVEAbbsoOwhAONweZgxaWaHjlOuUOoIlnWAjSWwRCeP3XcBJ1OoQdZ+qj1baFGPjbWMs5R9ZbhPlFwvyvq+9878XUIUXeoY1oKf5rl5EbfDcMMR8l6Q+YCl9Hfy4qIzuombE9YklVKUAd/SCHOdomfXX7P6iM4SJY9SgrpaWFyUShj6EyIxx1IIGhaHG1ES/GURPTY1L6zqGk4TR0RzhrNhSLzwtStGiPlaAZ6mGUNw5y8Bdu2ldU8VrnowUt0pfUoC056aycB2VIXPh5Svt8oVgKq+IufK69aTjr/2q6/VZRq5tc9Pn5BWYLjDz svoinich@mlla5023.magicleap.ds"
                        },
                        "meta": {
                            "schema_version": "1"
                        },
                        "tainted": false
                    },
                    "deposed": [],
                    "provider": "provider.aws"
                },
                "aws_security_group.allow-ssh-2": {
                    "type": "aws_security_group",
                    "depends_on": [
                        "aws_vpc.main"
                    ],
                    "primary": {
                        "id": "sg-04b851262c4afd293",
                        "attributes": {
                            "arn": "arn:aws:ec2:us-east-2:881746452139:security-group/sg-04b851262c4afd293",
                            "description": "security group that allows ssh and all egress traffic",
                            "egress.#": "1",
                            "egress.482069346.cidr_blocks.#": "1",
                            "egress.482069346.cidr_blocks.0": "0.0.0.0/0",
                            "egress.482069346.description": "",
                            "egress.482069346.from_port": "0",
                            "egress.482069346.ipv6_cidr_blocks.#": "0",
                            "egress.482069346.prefix_list_ids.#": "0",
                            "egress.482069346.protocol": "-1",
                            "egress.482069346.security_groups.#": "0",
                            "egress.482069346.self": "false",
                            "egress.482069346.to_port": "0",
                            "id": "sg-04b851262c4afd293",
                            "ingress.#": "1",
                            "ingress.2541437006.cidr_blocks.#": "1",
                            "ingress.2541437006.cidr_blocks.0": "0.0.0.0/0",
                            "ingress.2541437006.description": "",
                            "ingress.2541437006.from_port": "22",
                            "ingress.2541437006.ipv6_cidr_blocks.#": "0",
                            "ingress.2541437006.prefix_list_ids.#": "0",
                            "ingress.2541437006.protocol": "tcp",
                            "ingress.2541437006.security_groups.#": "0",
                            "ingress.2541437006.self": "false",
                            "ingress.2541437006.to_port": "22",
                            "name": "allow-ssh",
                            "owner_id": "881746452139",
                            "revoke_rules_on_delete": "false",
                            "tags.%": "1",
                            "tags.Name": "allow-ssh-2",
                            "vpc_id": "vpc-099f2a9f56dde105c"
                        },
                        "meta": {
                            "e2bfb730-ecaa-11e6-8f88-34363bc7c4c0": {
                                "create": 600000000000,
                                "delete": 600000000000
                            },
                            "schema_version": "1"
                        },
                        "tainted": false
                    },
                    "deposed": [],
                    "provider": "provider.aws"
                },
                "aws_subnet.main-private-3": {
                    "type": "aws_subnet",
                    "depends_on": [
                        "aws_vpc.main"
                    ],
                    "primary": {
                        "id": "subnet-02f0859ceb7bc41cf",
                        "attributes": {
                            "arn": "arn:aws:ec2:us-east-2:881746452139:subnet/subnet-02f0859ceb7bc41cf",
                            "assign_ipv6_address_on_creation": "false",
                            "availability_zone": "us-east-2c",
                            "availability_zone_id": "use2-az3",
                            "cidr_block": "10.0.6.0/24",
                            "id": "subnet-02f0859ceb7bc41cf",
                            "ipv6_cidr_block": "",
                            "ipv6_cidr_block_association_id": "",
                            "map_public_ip_on_launch": "false",
                            "owner_id": "881746452139",
                            "tags.%": "1",
                            "tags.Name": "main-private-3",
                            "vpc_id": "vpc-099f2a9f56dde105c"
                        },
                        "meta": {
                            "e2bfb730-ecaa-11e6-8f88-34363bc7c4c0": {
                                "create": 600000000000,
                                "delete": 600000000000
                            },
                            "schema_version": "1"
                        },
                        "tainted": false
                    },
                    "deposed": [],
                    "provider": "provider.aws"
                },
                "aws_subnet.main-public-1": {
                    "type": "aws_subnet",
                    "depends_on": [
                        "aws_vpc.main"
                    ],
                    "primary": {
                        "id": "subnet-0f933ba3a7677874d",
                        "attributes": {
                            "arn": "arn:aws:ec2:us-east-2:881746452139:subnet/subnet-0f933ba3a7677874d",
                            "assign_ipv6_address_on_creation": "false",
                            "availability_zone": "us-east-2a",
                            "availability_zone_id": "use2-az1",
                            "cidr_block": "10.0.1.0/24",
                            "id": "subnet-0f933ba3a7677874d",
                            "ipv6_cidr_block": "",
                            "ipv6_cidr_block_association_id": "",
                            "map_public_ip_on_launch": "true",
                            "owner_id": "881746452139",
                            "tags.%": "1",
                            "tags.Name": "main-public-1",
                            "vpc_id": "vpc-099f2a9f56dde105c"
                        },
                        "meta": {
                            "e2bfb730-ecaa-11e6-8f88-34363bc7c4c0": {
                                "create": 600000000000,
                                "delete": 600000000000
                            },
                            "schema_version": "1"
                        },
                        "tainted": false
                    },
                    "deposed": [],
                    "provider": "provider.aws"
                },
                "aws_vpc.main": {
                    "type": "aws_vpc",
                    "depends_on": [],
                    "primary": {
                        "id": "vpc-099f2a9f56dde105c",
                        "attributes": {
                            "arn": "arn:aws:ec2:us-east-2:881746452139:vpc/vpc-099f2a9f56dde105c",
                            "assign_generated_ipv6_cidr_block": "false",
                            "cidr_block": "10.0.0.0/16",
                            "default_network_acl_id": "acl-01cb4ff4f59780dda",
                            "default_route_table_id": "rtb-0fa12fbd24ff7052b",
                            "default_security_group_id": "sg-0f527fe65c1bdae95",
                            "dhcp_options_id": "dopt-1c988274",
                            "enable_classiclink": "false",
                            "enable_dns_hostnames": "true",
                            "enable_dns_support": "true",
                            "id": "vpc-099f2a9f56dde105c",
                            "instance_tenancy": "default",
                            "ipv6_association_id": "",
                            "ipv6_cidr_block": "",
                            "main_route_table_id": "rtb-0fa12fbd24ff7052b",
                            "owner_id": "881746452139",
                            "tags.%": "1",
                            "tags.Name": "main"
                        },
                        "meta": {
                            "schema_version": "1"
                        },
                        "tainted": false
                    },
                    "deposed": [],
                    "provider": "provider.aws"
                }
            },
            "depends_on": []
        }
    ]
}
